
Microsoft Visual Studio Solution File, Format Version 12.00
# Visual Studio Version 17
VisualStudioVersion = 17.4.33403.182
MinimumVisualStudioVersion = 10.0.40219.1
Project("{FAE04EC0-301F-11D3-BF4B-00C04F79EFBC}") = "SwaggreAnotation", "SwaggreAnotation\SwaggreAnotation.csproj", "{48F2F6F8-003E-4F1B-AC75-736F7E54D840}"
EndProject
Global
	GlobalSection(SolutionConfigurationPlatforms) = preSolution
		Debug|Any CPU = Debug|Any CPU
		Release|Any CPU = Release|Any CPU
	EndGlobalSection
	GlobalSection(ProjectConfigurationPlatforms) = postSolution
		{48F2F6F8-003E-4F1B-AC75-736F7E54D840}.Debug|Any CPU.ActiveCfg = Debug|Any CPU
		{48F2F6F8-003E-4F1B-AC75-736F7E54D840}.Debug|Any CPU.Build.0 = Debug|Any CPU
		{48F2F6F8-003E-4F1B-AC75-736F7E54D840}.Release|Any CPU.ActiveCfg = Release|Any CPU
		{48F2F6F8-003E-4F1B-AC75-736F7E54D840}.Release|Any CPU.Build.0 = Release|Any CPU
	EndGlobalSection
	GlobalSection(SolutionProperties) = preSolution
		HideSolutionNode = FALSE
	EndGlobalSection
	GlobalSection(ExtensibilityGlobals) = postSolution
		SolutionGuid = {167C2580-EAB9-43FB-BA85-AFE617991159}
	EndGlobalSection
EndGlobal
